
Microsoft Visual Studio Solution File, Format Version 12.00
# Visual Studio Version 16
VisualStudioVersion = 16.0.31205.134
MinimumVisualStudioVersion = 10.0.40219.1
Project("{9A19103F-16F7-4668-BE54-9A1E7A4F7556}") = "CountriesChallenge.Api", "CountriesChallenge.Api\CountriesChallenge.Api.csproj", "{677AA283-431B-4BCE-9478-A85466BBC50E}"
EndProject
Project("{FAE04EC0-301F-11D3-BF4B-00C04F79EFBC}") = "CountriesChallenge.Tests", "CountriesChallenge.Tests\CountriesChallenge.Tests.csproj", "{CEB1D75C-656B-449B-9864-CEEE59D2B9A6}"
EndProject
Global
	GlobalSection(SolutionConfigurationPlatforms) = preSolution
		Debug|Any CPU = Debug|Any CPU
		Release|Any CPU = Release|Any CPU
	EndGlobalSection
	GlobalSection(ProjectConfigurationPlatforms) = postSolution
		{677AA283-431B-4BCE-9478-A85466BBC50E}.Debug|Any CPU.ActiveCfg = Debug|Any CPU
		{677AA283-431B-4BCE-9478-A85466BBC50E}.Debug|Any CPU.Build.0 = Debug|Any CPU
		{677AA283-431B-4BCE-9478-A85466BBC50E}.Release|Any CPU.ActiveCfg = Release|Any CPU
		{677AA283-431B-4BCE-9478-A85466BBC50E}.Release|Any CPU.Build.0 = Release|Any CPU
		{CEB1D75C-656B-449B-9864-CEEE59D2B9A6}.Debug|Any CPU.ActiveCfg = Debug|Any CPU
		{CEB1D75C-656B-449B-9864-CEEE59D2B9A6}.Debug|Any CPU.Build.0 = Debug|Any CPU
		{CEB1D75C-656B-449B-9864-CEEE59D2B9A6}.Release|Any CPU.ActiveCfg = Release|Any CPU
		{CEB1D75C-656B-449B-9864-CEEE59D2B9A6}.Release|Any CPU.Build.0 = Release|Any CPU
	EndGlobalSection
	GlobalSection(SolutionProperties) = preSolution
		HideSolutionNode = FALSE
	EndGlobalSection
	GlobalSection(ExtensibilityGlobals) = postSolution
		SolutionGuid = {1CB66810-4EF3-48FD-B689-DE9186798FFD}
	EndGlobalSection
EndGlobal
